<?xml version="1.0" encoding="utf-8"?>
<Project ToolsVersion="17.0" xmlns="http://schemas.microsoft.com/developer/msbuild/2003">
  <ItemGroup>
    <ClCompile Include="D:\projects\C++VisualStudioProjects\CG_LAB_1\main.cpp">
      <Filter>Source Files</Filter>
    </ClCompile>
  </ItemGroup>
  <ItemGroup>
    <ClInclude Include="D:\projects\C++VisualStudioProjects\CG_LAB_1\src\CallbacksDispatcher.h">
      <Filter>Header Files</Filter>
    </ClInclude>
    <ClInclude Include="D:\projects\C++VisualStudioProjects\CG_LAB_1\src\Doggy.h">
      <Filter>Header Files</Filter>
    </ClInclude>
    <ClInclude Include="D:\projects\C++VisualStudioProjects\CG_LAB_1\src\Structs.h">
      <Filter>Header Files</Filter>
    </ClInclude>
    <ClInclude Include="D:\projects\C++VisualStudioProjects\CG_LAB_1\src\Renderer.h">
      <Filter>Header Files</Filter>
    </ClInclude>
  </ItemGroup>
  <ItemGroup>
    <CustomBuild Include="D:\projects\C++VisualStudioProjects\CG_LAB_1\CMakeLists.txt" />
  </ItemGroup>
  <ItemGroup>
    <Filter Include="Header Files">
      <UniqueIdentifier>{C5261C62-60B2-3543-A38D-66AE8B620D1C}</UniqueIdentifier>
    </Filter>
    <Filter Include="Source Files">
      <UniqueIdentifier>{6043B3E8-33B8-32E6-9E1D-983214C50EEE}</UniqueIdentifier>
    </Filter>
  </ItemGroup>
</Project>
