<?xml version="1.0" encoding="utf-8"?>
<Project ToolsVersion="17.0" xmlns="http://schemas.microsoft.com/developer/msbuild/2003">
  <ItemGroup>
    <CustomBuild Include="D:\projects\C++VisualStudioProjects\CG_LAB_1\CMakeFiles\11637ee7c68466e121b9113d5636cf8a\generate.stamp.rule">
      <Filter>CMake Rules</Filter>
    </CustomBuild>
  </ItemGroup>
  <ItemGroup>
    <Filter Include="CMake Rules">
      <UniqueIdentifier>{4EA0B0D3-8EC6-325F-81AA-085A47BD0803}</UniqueIdentifier>
    </Filter>
  </ItemGroup>
</Project>
